
Microsoft Visual Studio Solution File, Format Version 12.00
# Visual Studio Version 16
VisualStudioVersion = 16.0.32602.291
MinimumVisualStudioVersion = 10.0.40219.1
Project("{9A19103F-16F7-4668-BE54-9A1E7A4F7556}") = "Web", "Web\Web.csproj", "{C6869F22-6409-4A32-AE76-F343A062001F}"
EndProject
Project("{9A19103F-16F7-4668-BE54-9A1E7A4F7556}") = "Datos", "Datos\Datos.csproj", "{3F506EE7-ED97-42AC-99A2-707B6E691FED}"
EndProject
Project("{9A19103F-16F7-4668-BE54-9A1E7A4F7556}") = "Modelo", "Modelo\Modelo.csproj", "{D9B43363-0C85-4D33-AA68-E0F55F3F46DF}"
EndProject
Project("{FAE04EC0-301F-11D3-BF4B-00C04F79EFBC}") = "Test", "Test\Test.csproj", "{328F2D8D-571A-4B09-B3D9-3FBD6629C8F8}"
EndProject
Global
	GlobalSection(SolutionConfigurationPlatforms) = preSolution
		Debug|Any CPU = Debug|Any CPU
		Release|Any CPU = Release|Any CPU
	EndGlobalSection
	GlobalSection(ProjectConfigurationPlatforms) = postSolution
		{C6869F22-6409-4A32-AE76-F343A062001F}.Debug|Any CPU.ActiveCfg = Debug|Any CPU
		{C6869F22-6409-4A32-AE76-F343A062001F}.Debug|Any CPU.Build.0 = Debug|Any CPU
		{C6869F22-6409-4A32-AE76-F343A062001F}.Release|Any CPU.ActiveCfg = Release|Any CPU
		{C6869F22-6409-4A32-AE76-F343A062001F}.Release|Any CPU.Build.0 = Release|Any CPU
		{3F506EE7-ED97-42AC-99A2-707B6E691FED}.Debug|Any CPU.ActiveCfg = Debug|Any CPU
		{3F506EE7-ED97-42AC-99A2-707B6E691FED}.Debug|Any CPU.Build.0 = Debug|Any CPU
		{3F506EE7-ED97-42AC-99A2-707B6E691FED}.Release|Any CPU.ActiveCfg = Release|Any CPU
		{3F506EE7-ED97-42AC-99A2-707B6E691FED}.Release|Any CPU.Build.0 = Release|Any CPU
		{D9B43363-0C85-4D33-AA68-E0F55F3F46DF}.Debug|Any CPU.ActiveCfg = Debug|Any CPU
		{D9B43363-0C85-4D33-AA68-E0F55F3F46DF}.Debug|Any CPU.Build.0 = Debug|Any CPU
		{D9B43363-0C85-4D33-AA68-E0F55F3F46DF}.Release|Any CPU.ActiveCfg = Release|Any CPU
		{D9B43363-0C85-4D33-AA68-E0F55F3F46DF}.Release|Any CPU.Build.0 = Release|Any CPU
		{328F2D8D-571A-4B09-B3D9-3FBD6629C8F8}.Debug|Any CPU.ActiveCfg = Debug|Any CPU
		{328F2D8D-571A-4B09-B3D9-3FBD6629C8F8}.Debug|Any CPU.Build.0 = Debug|Any CPU
		{328F2D8D-571A-4B09-B3D9-3FBD6629C8F8}.Release|Any CPU.ActiveCfg = Release|Any CPU
		{328F2D8D-571A-4B09-B3D9-3FBD6629C8F8}.Release|Any CPU.Build.0 = Release|Any CPU
	EndGlobalSection
	GlobalSection(SolutionProperties) = preSolution
		HideSolutionNode = FALSE
	EndGlobalSection
	GlobalSection(ExtensibilityGlobals) = postSolution
		SolutionGuid = {C75D9DD2-AD67-4E0A-890E-38403F66D07E}
	EndGlobalSection
EndGlobal
